
Microsoft Visual Studio Solution File, Format Version 12.00
# Visual Studio Version 17
VisualStudioVersion = 17.0.32112.339
MinimumVisualStudioVersion = 10.0.40219.1
Project("{FAE04EC0-301F-11D3-BF4B-00C04F79EFBC}") = "ObserableCollection", "ObserableCollection\ObserableCollection.csproj", "{428D8F3B-9891-488E-BFA9-92DE4E744C4B}"
EndProject
Global
	GlobalSection(SolutionConfigurationPlatforms) = preSolution
		Debug|Any CPU = Debug|Any CPU
		Release|Any CPU = Release|Any CPU
	EndGlobalSection
	GlobalSection(ProjectConfigurationPlatforms) = postSolution
		{428D8F3B-9891-488E-BFA9-92DE4E744C4B}.Debug|Any CPU.ActiveCfg = Debug|Any CPU
		{428D8F3B-9891-488E-BFA9-92DE4E744C4B}.Debug|Any CPU.Build.0 = Debug|Any CPU
		{428D8F3B-9891-488E-BFA9-92DE4E744C4B}.Release|Any CPU.ActiveCfg = Release|Any CPU
		{428D8F3B-9891-488E-BFA9-92DE4E744C4B}.Release|Any CPU.Build.0 = Release|Any CPU
	EndGlobalSection
	GlobalSection(SolutionProperties) = preSolution
		HideSolutionNode = FALSE
	EndGlobalSection
	GlobalSection(ExtensibilityGlobals) = postSolution
		SolutionGuid = {49B5745C-47E6-4339-B1C4-923AEAE54947}
	EndGlobalSection
EndGlobal
